
Microsoft Visual Studio Solution File, Format Version 12.00
# Visual Studio Version 17
VisualStudioVersion = 17.1.31903.286
MinimumVisualStudioVersion = 10.0.40219.1
Project("{FAE04EC0-301F-11D3-BF4B-00C04F79EFBC}") = "NU1503_Mobile_Project.UWP", "NU1503_Mobile_Project\NU1503_Mobile_Project.UWP\NU1503_Mobile_Project.UWP.csproj", "{9B72789E-CE0D-459F-954F-41AC16C004D8}"
EndProject
Project("{FAE04EC0-301F-11D3-BF4B-00C04F79EFBC}") = "NU1503_Mobile_Project.Android", "NU1503_Mobile_Project\NU1503_Mobile_Project.Android\NU1503_Mobile_Project.Android.csproj", "{84E3E89F-B575-412B-9BC6-BAE5817A3EF9}"
EndProject
Project("{FAE04EC0-301F-11D3-BF4B-00C04F79EFBC}") = "NU1503_Mobile_Project.iOS", "NU1503_Mobile_Project\NU1503_Mobile_Project.iOS\NU1503_Mobile_Project.iOS.csproj", "{7766078A-AC0D-40F8-BF56-1A8C8197ED34}"
EndProject
Project("{9A19103F-16F7-4668-BE54-9A1E7A4F7556}") = "NU1503_Mobile_Project", "NU1503_Mobile_Project\NU1503_Mobile_Project\NU1503_Mobile_Project.csproj", "{2CC022A0-B38B-4F31-9AB7-86F61DAC7086}"
EndProject
Project("{2150E333-8FDC-42A3-9474-1A3956D46DE8}") = "Solution Items", "Solution Items", "{22C1EF3A-9115-468E-8178-4FA7FAE51B24}"
	ProjectSection(SolutionItems) = preProject
		NU1503_Mobile_Project\NU1503_Mobile_Project.iOS\appcenter-post-clone.ps1 = NU1503_Mobile_Project\NU1503_Mobile_Project.iOS\appcenter-post-clone.ps1
	EndProjectSection
EndProject
Global
	GlobalSection(SolutionConfigurationPlatforms) = preSolution
		Debug|Any CPU = Debug|Any CPU
		Debug|ARM = Debug|ARM
		Debug|iPhone = Debug|iPhone
		Debug|iPhoneSimulator = Debug|iPhoneSimulator
		Debug|x64 = Debug|x64
		Debug|x86 = Debug|x86
		Release|Any CPU = Release|Any CPU
		Release|ARM = Release|ARM
		Release|iPhone = Release|iPhone
		Release|iPhoneSimulator = Release|iPhoneSimulator
		Release|x64 = Release|x64
		Release|x86 = Release|x86
	EndGlobalSection
	GlobalSection(ProjectConfigurationPlatforms) = postSolution
		{9B72789E-CE0D-459F-954F-41AC16C004D8}.Debug|Any CPU.ActiveCfg = Debug|x64
		{9B72789E-CE0D-459F-954F-41AC16C004D8}.Debug|Any CPU.Build.0 = Debug|x64
		{9B72789E-CE0D-459F-954F-41AC16C004D8}.Debug|Any CPU.Deploy.0 = Debug|x64
		{9B72789E-CE0D-459F-954F-41AC16C004D8}.Debug|ARM.ActiveCfg = Debug|ARM
		{9B72789E-CE0D-459F-954F-41AC16C004D8}.Debug|ARM.Build.0 = Debug|ARM
		{9B72789E-CE0D-459F-954F-41AC16C004D8}.Debug|ARM.Deploy.0 = Debug|ARM
		{9B72789E-CE0D-459F-954F-41AC16C004D8}.Debug|iPhone.ActiveCfg = Debug|x64
		{9B72789E-CE0D-459F-954F-41AC16C004D8}.Debug|iPhone.Build.0 = Debug|x64
		{9B72789E-CE0D-459F-954F-41AC16C004D8}.Debug|iPhone.Deploy.0 = Debug|x64
		{9B72789E-CE0D-459F-954F-41AC16C004D8}.Debug|iPhoneSimulator.ActiveCfg = Debug|x64
		{9B72789E-CE0D-459F-954F-41AC16C004D8}.Debug|iPhoneSimulator.Build.0 = Debug|x64
		{9B72789E-CE0D-459F-954F-41AC16C004D8}.Debug|iPhoneSimulator.Deploy.0 = Debug|x64
		{9B72789E-CE0D-459F-954F-41AC16C004D8}.Debug|x64.ActiveCfg = Debug|x64
		{9B72789E-CE0D-459F-954F-41AC16C004D8}.Debug|x64.Build.0 = Debug|x64
		{9B72789E-CE0D-459F-954F-41AC16C004D8}.Debug|x64.Deploy.0 = Debug|x64
		{9B72789E-CE0D-459F-954F-41AC16C004D8}.Debug|x86.ActiveCfg = Debug|x86
		{9B72789E-CE0D-459F-954F-41AC16C004D8}.Debug|x86.Build.0 = Debug|x86
		{9B72789E-CE0D-459F-954F-41AC16C004D8}.Debug|x86.Deploy.0 = Debug|x86
		{9B72789E-CE0D-459F-954F-41AC16C004D8}.Release|Any CPU.ActiveCfg = Release|x64
		{9B72789E-CE0D-459F-954F-41AC16C004D8}.Release|Any CPU.Build.0 = Release|x64
		{9B72789E-CE0D-459F-954F-41AC16C004D8}.Release|Any CPU.Deploy.0 = Release|x64
		{9B72789E-CE0D-459F-954F-41AC16C004D8}.Release|ARM.ActiveCfg = Release|ARM
		{9B72789E-CE0D-459F-954F-41AC16C004D8}.Release|ARM.Build.0 = Release|ARM
		{9B72789E-CE0D-459F-954F-41AC16C004D8}.Release|ARM.Deploy.0 = Release|ARM
		{9B72789E-CE0D-459F-954F-41AC16C004D8}.Release|iPhone.ActiveCfg = Release|x64
		{9B72789E-CE0D-459F-954F-41AC16C004D8}.Release|iPhone.Build.0 = Release|x64
		{9B72789E-CE0D-459F-954F-41AC16C004D8}.Release|iPhone.Deploy.0 = Release|x64
		{9B72789E-CE0D-459F-954F-41AC16C004D8}.Release|iPhoneSimulator.ActiveCfg = Release|x64
		{9B72789E-CE0D-459F-954F-41AC16C004D8}.Release|iPhoneSimulator.Build.0 = Release|x64
		{9B72789E-CE0D-459F-954F-41AC16C004D8}.Release|iPhoneSimulator.Deploy.0 = Release|x64
		{9B72789E-CE0D-459F-954F-41AC16C004D8}.Release|x64.ActiveCfg = Release|x64
		{9B72789E-CE0D-459F-954F-41AC16C004D8}.Release|x64.Build.0 = Release|x64
		{9B72789E-CE0D-459F-954F-41AC16C004D8}.Release|x64.Deploy.0 = Release|x64
		{9B72789E-CE0D-459F-954F-41AC16C004D8}.Release|x86.ActiveCfg = Release|x86
		{9B72789E-CE0D-459F-954F-41AC16C004D8}.Release|x86.Build.0 = Release|x86
		{9B72789E-CE0D-459F-954F-41AC16C004D8}.Release|x86.Deploy.0 = Release|x86
		{84E3E89F-B575-412B-9BC6-BAE5817A3EF9}.Debug|Any CPU.ActiveCfg = Debug|Any CPU
		{84E3E89F-B575-412B-9BC6-BAE5817A3EF9}.Debug|ARM.ActiveCfg = Debug|Any CPU
		{84E3E89F-B575-412B-9BC6-BAE5817A3EF9}.Debug|ARM.Build.0 = Debug|Any CPU
		{84E3E89F-B575-412B-9BC6-BAE5817A3EF9}.Debug|ARM.Deploy.0 = Debug|Any CPU
		{84E3E89F-B575-412B-9BC6-BAE5817A3EF9}.Debug|iPhone.ActiveCfg = Debug|Any CPU
		{84E3E89F-B575-412B-9BC6-BAE5817A3EF9}.Debug|iPhone.Build.0 = Debug|Any CPU
		{84E3E89F-B575-412B-9BC6-BAE5817A3EF9}.Debug|iPhone.Deploy.0 = Debug|Any CPU
		{84E3E89F-B575-412B-9BC6-BAE5817A3EF9}.Debug|iPhoneSimulator.ActiveCfg = Debug|Any CPU
		{84E3E89F-B575-412B-9BC6-BAE5817A3EF9}.Debug|iPhoneSimulator.Build.0 = Debug|Any CPU
		{84E3E89F-B575-412B-9BC6-BAE5817A3EF9}.Debug|iPhoneSimulator.Deploy.0 = Debug|Any CPU
		{84E3E89F-B575-412B-9BC6-BAE5817A3EF9}.Debug|x64.ActiveCfg = Debug|Any CPU
		{84E3E89F-B575-412B-9BC6-BAE5817A3EF9}.Debug|x64.Build.0 = Debug|Any CPU
		{84E3E89F-B575-412B-9BC6-BAE5817A3EF9}.Debug|x64.Deploy.0 = Debug|Any CPU
		{84E3E89F-B575-412B-9BC6-BAE5817A3EF9}.Debug|x86.ActiveCfg = Debug|Any CPU
		{84E3E89F-B575-412B-9BC6-BAE5817A3EF9}.Debug|x86.Build.0 = Debug|Any CPU
		{84E3E89F-B575-412B-9BC6-BAE5817A3EF9}.Debug|x86.Deploy.0 = Debug|Any CPU
		{84E3E89F-B575-412B-9BC6-BAE5817A3EF9}.Release|Any CPU.ActiveCfg = Release|Any CPU
		{84E3E89F-B575-412B-9BC6-BAE5817A3EF9}.Release|ARM.ActiveCfg = Release|Any CPU
		{84E3E89F-B575-412B-9BC6-BAE5817A3EF9}.Release|ARM.Build.0 = Release|Any CPU
		{84E3E89F-B575-412B-9BC6-BAE5817A3EF9}.Release|ARM.Deploy.0 = Release|Any CPU
		{84E3E89F-B575-412B-9BC6-BAE5817A3EF9}.Release|iPhone.ActiveCfg = Release|Any CPU
		{84E3E89F-B575-412B-9BC6-BAE5817A3EF9}.Release|iPhone.Build.0 = Release|Any CPU
		{84E3E89F-B575-412B-9BC6-BAE5817A3EF9}.Release|iPhone.Deploy.0 = Release|Any CPU
		{84E3E89F-B575-412B-9BC6-BAE5817A3EF9}.Release|iPhoneSimulator.ActiveCfg = Release|Any CPU
		{84E3E89F-B575-412B-9BC6-BAE5817A3EF9}.Release|iPhoneSimulator.Build.0 = Release|Any CPU
		{84E3E89F-B575-412B-9BC6-BAE5817A3EF9}.Release|iPhoneSimulator.Deploy.0 = Release|Any CPU
		{84E3E89F-B575-412B-9BC6-BAE5817A3EF9}.Release|x64.ActiveCfg = Release|Any CPU
		{84E3E89F-B575-412B-9BC6-BAE5817A3EF9}.Release|x64.Build.0 = Release|Any CPU
		{84E3E89F-B575-412B-9BC6-BAE5817A3EF9}.Release|x64.Deploy.0 = Release|Any CPU
		{84E3E89F-B575-412B-9BC6-BAE5817A3EF9}.Release|x86.ActiveCfg = Release|Any CPU
		{84E3E89F-B575-412B-9BC6-BAE5817A3EF9}.Release|x86.Build.0 = Release|Any CPU
		{84E3E89F-B575-412B-9BC6-BAE5817A3EF9}.Release|x86.Deploy.0 = Release|Any CPU
		{7766078A-AC0D-40F8-BF56-1A8C8197ED34}.Debug|Any CPU.ActiveCfg = Debug|iPhoneSimulator
		{7766078A-AC0D-40F8-BF56-1A8C8197ED34}.Debug|Any CPU.Deploy.0 = Debug|iPhoneSimulator
		{7766078A-AC0D-40F8-BF56-1A8C8197ED34}.Debug|ARM.ActiveCfg = Debug|iPhoneSimulator
		{7766078A-AC0D-40F8-BF56-1A8C8197ED34}.Debug|ARM.Build.0 = Debug|iPhoneSimulator
		{7766078A-AC0D-40F8-BF56-1A8C8197ED34}.Debug|ARM.Deploy.0 = Debug|iPhoneSimulator
		{7766078A-AC0D-40F8-BF56-1A8C8197ED34}.Debug|iPhone.ActiveCfg = Debug|iPhone
		{7766078A-AC0D-40F8-BF56-1A8C8197ED34}.Debug|iPhone.Build.0 = Debug|iPhone
		{7766078A-AC0D-40F8-BF56-1A8C8197ED34}.Debug|iPhone.Deploy.0 = Debug|iPhone
		{7766078A-AC0D-40F8-BF56-1A8C8197ED34}.Debug|iPhoneSimulator.ActiveCfg = Debug|iPhoneSimulator
		{7766078A-AC0D-40F8-BF56-1A8C8197ED34}.Debug|iPhoneSimulator.Build.0 = Debug|iPhoneSimulator
		{7766078A-AC0D-40F8-BF56-1A8C8197ED34}.Debug|iPhoneSimulator.Deploy.0 = Debug|iPhoneSimulator
		{7766078A-AC0D-40F8-BF56-1A8C8197ED34}.Debug|x64.ActiveCfg = Debug|iPhone
		{7766078A-AC0D-40F8-BF56-1A8C8197ED34}.Debug|x64.Build.0 = Debug|iPhone
		{7766078A-AC0D-40F8-BF56-1A8C8197ED34}.Debug|x64.Deploy.0 = Debug|iPhone
		{7766078A-AC0D-40F8-BF56-1A8C8197ED34}.Debug|x86.ActiveCfg = Debug|iPhoneSimulator
		{7766078A-AC0D-40F8-BF56-1A8C8197ED34}.Debug|x86.Build.0 = Debug|iPhoneSimulator
		{7766078A-AC0D-40F8-BF56-1A8C8197ED34}.Debug|x86.Deploy.0 = Debug|iPhoneSimulator
		{7766078A-AC0D-40F8-BF56-1A8C8197ED34}.Release|Any CPU.ActiveCfg = Release|iPhoneSimulator
		{7766078A-AC0D-40F8-BF56-1A8C8197ED34}.Release|Any CPU.Deploy.0 = Release|iPhoneSimulator
		{7766078A-AC0D-40F8-BF56-1A8C8197ED34}.Release|ARM.ActiveCfg = Release|iPhoneSimulator
		{7766078A-AC0D-40F8-BF56-1A8C8197ED34}.Release|ARM.Build.0 = Release|iPhoneSimulator
		{7766078A-AC0D-40F8-BF56-1A8C8197ED34}.Release|ARM.Deploy.0 = Release|iPhoneSimulator
		{7766078A-AC0D-40F8-BF56-1A8C8197ED34}.Release|iPhone.ActiveCfg = Release|iPhone
		{7766078A-AC0D-40F8-BF56-1A8C8197ED34}.Release|iPhone.Build.0 = Release|iPhone
		{7766078A-AC0D-40F8-BF56-1A8C8197ED34}.Release|iPhone.Deploy.0 = Release|iPhone
		{7766078A-AC0D-40F8-BF56-1A8C8197ED34}.Release|iPhoneSimulator.ActiveCfg = Release|iPhoneSimulator
		{7766078A-AC0D-40F8-BF56-1A8C8197ED34}.Release|iPhoneSimulator.Build.0 = Release|iPhoneSimulator
		{7766078A-AC0D-40F8-BF56-1A8C8197ED34}.Release|iPhoneSimulator.Deploy.0 = Release|iPhoneSimulator
		{7766078A-AC0D-40F8-BF56-1A8C8197ED34}.Release|x64.ActiveCfg = Release|iPhoneSimulator
		{7766078A-AC0D-40F8-BF56-1A8C8197ED34}.Release|x64.Build.0 = Release|iPhoneSimulator
		{7766078A-AC0D-40F8-BF56-1A8C8197ED34}.Release|x64.Deploy.0 = Release|iPhoneSimulator
		{7766078A-AC0D-40F8-BF56-1A8C8197ED34}.Release|x86.ActiveCfg = Release|iPhoneSimulator
		{7766078A-AC0D-40F8-BF56-1A8C8197ED34}.Release|x86.Build.0 = Release|iPhoneSimulator
		{7766078A-AC0D-40F8-BF56-1A8C8197ED34}.Release|x86.Deploy.0 = Release|iPhoneSimulator
		{2CC022A0-B38B-4F31-9AB7-86F61DAC7086}.Debug|Any CPU.ActiveCfg = Debug|Any CPU
		{2CC022A0-B38B-4F31-9AB7-86F61DAC7086}.Debug|Any CPU.Build.0 = Debug|Any CPU
		{2CC022A0-B38B-4F31-9AB7-86F61DAC7086}.Debug|Any CPU.Deploy.0 = Debug|Any CPU
		{2CC022A0-B38B-4F31-9AB7-86F61DAC7086}.Debug|ARM.ActiveCfg = Debug|Any CPU
		{2CC022A0-B38B-4F31-9AB7-86F61DAC7086}.Debug|ARM.Build.0 = Debug|Any CPU
		{2CC022A0-B38B-4F31-9AB7-86F61DAC7086}.Debug|ARM.Deploy.0 = Debug|Any CPU
		{2CC022A0-B38B-4F31-9AB7-86F61DAC7086}.Debug|iPhone.ActiveCfg = Debug|Any CPU
		{2CC022A0-B38B-4F31-9AB7-86F61DAC7086}.Debug|iPhone.Build.0 = Debug|Any CPU
		{2CC022A0-B38B-4F31-9AB7-86F61DAC7086}.Debug|iPhone.Deploy.0 = Debug|Any CPU
		{2CC022A0-B38B-4F31-9AB7-86F61DAC7086}.Debug|iPhoneSimulator.ActiveCfg = Debug|Any CPU
		{2CC022A0-B38B-4F31-9AB7-86F61DAC7086}.Debug|iPhoneSimulator.Build.0 = Debug|Any CPU
		{2CC022A0-B38B-4F31-9AB7-86F61DAC7086}.Debug|iPhoneSimulator.Deploy.0 = Debug|Any CPU
		{2CC022A0-B38B-4F31-9AB7-86F61DAC7086}.Debug|x64.ActiveCfg = Debug|Any CPU
		{2CC022A0-B38B-4F31-9AB7-86F61DAC7086}.Debug|x64.Build.0 = Debug|Any CPU
		{2CC022A0-B38B-4F31-9AB7-86F61DAC7086}.Debug|x64.Deploy.0 = Debug|Any CPU
		{2CC022A0-B38B-4F31-9AB7-86F61DAC7086}.Debug|x86.ActiveCfg = Debug|Any CPU
		{2CC022A0-B38B-4F31-9AB7-86F61DAC7086}.Debug|x86.Build.0 = Debug|Any CPU
		{2CC022A0-B38B-4F31-9AB7-86F61DAC7086}.Debug|x86.Deploy.0 = Debug|Any CPU
		{2CC022A0-B38B-4F31-9AB7-86F61DAC7086}.Release|Any CPU.ActiveCfg = Release|Any CPU
		{2CC022A0-B38B-4F31-9AB7-86F61DAC7086}.Release|Any CPU.Build.0 = Release|Any CPU
		{2CC022A0-B38B-4F31-9AB7-86F61DAC7086}.Release|Any CPU.Deploy.0 = Release|Any CPU
		{2CC022A0-B38B-4F31-9AB7-86F61DAC7086}.Release|ARM.ActiveCfg = Release|Any CPU
		{2CC022A0-B38B-4F31-9AB7-86F61DAC7086}.Release|ARM.Build.0 = Release|Any CPU
		{2CC022A0-B38B-4F31-9AB7-86F61DAC7086}.Release|ARM.Deploy.0 = Release|Any CPU
		{2CC022A0-B38B-4F31-9AB7-86F61DAC7086}.Release|iPhone.ActiveCfg = Release|Any CPU
		{2CC022A0-B38B-4F31-9AB7-86F61DAC7086}.Release|iPhone.Build.0 = Release|Any CPU
		{2CC022A0-B38B-4F31-9AB7-86F61DAC7086}.Release|iPhone.Deploy.0 = Release|Any CPU
		{2CC022A0-B38B-4F31-9AB7-86F61DAC7086}.Release|iPhoneSimulator.ActiveCfg = Release|Any CPU
		{2CC022A0-B38B-4F31-9AB7-86F61DAC7086}.Release|iPhoneSimulator.Build.0 = Release|Any CPU
		{2CC022A0-B38B-4F31-9AB7-86F61DAC7086}.Release|iPhoneSimulator.Deploy.0 = Release|Any CPU
		{2CC022A0-B38B-4F31-9AB7-86F61DAC7086}.Release|x64.ActiveCfg = Release|Any CPU
		{2CC022A0-B38B-4F31-9AB7-86F61DAC7086}.Release|x64.Build.0 = Release|Any CPU
		{2CC022A0-B38B-4F31-9AB7-86F61DAC7086}.Release|x64.Deploy.0 = Release|Any CPU
		{2CC022A0-B38B-4F31-9AB7-86F61DAC7086}.Release|x86.ActiveCfg = Release|Any CPU
		{2CC022A0-B38B-4F31-9AB7-86F61DAC7086}.Release|x86.Build.0 = Release|Any CPU
		{2CC022A0-B38B-4F31-9AB7-86F61DAC7086}.Release|x86.Deploy.0 = Release|Any CPU
	EndGlobalSection
	GlobalSection(SolutionProperties) = preSolution
		HideSolutionNode = FALSE
	EndGlobalSection
	GlobalSection(ExtensibilityGlobals) = postSolution
		SolutionGuid = {0BF5F347-BF21-4BD3-A5E3-16DF6FA888A4}
	EndGlobalSection
EndGlobal
